
Microsoft Visual Studio Solution File, Format Version 12.00
# Visual Studio Version 17
VisualStudioVersion = 17.9.34714.143
MinimumVisualStudioVersion = 10.0.40219.1
Project("{FAE04EC0-301F-11D3-BF4B-00C04F79EFBC}") = "Seri_Elasti_Kibana", "Seri_Elasti_Kibana\Seri_Elasti_Kibana.csproj", "{D572F1E7-7306-4BC3-A926-B01772C530B9}"
EndProject
Global
	GlobalSection(SolutionConfigurationPlatforms) = preSolution
		Debug|Any CPU = Debug|Any CPU
		Release|Any CPU = Release|Any CPU
	EndGlobalSection
	GlobalSection(ProjectConfigurationPlatforms) = postSolution
		{D572F1E7-7306-4BC3-A926-B01772C530B9}.Debug|Any CPU.ActiveCfg = Debug|Any CPU
		{D572F1E7-7306-4BC3-A926-B01772C530B9}.Debug|Any CPU.Build.0 = Debug|Any CPU
		{D572F1E7-7306-4BC3-A926-B01772C530B9}.Release|Any CPU.ActiveCfg = Release|Any CPU
		{D572F1E7-7306-4BC3-A926-B01772C530B9}.Release|Any CPU.Build.0 = Release|Any CPU
	EndGlobalSection
	GlobalSection(SolutionProperties) = preSolution
		HideSolutionNode = FALSE
	EndGlobalSection
	GlobalSection(ExtensibilityGlobals) = postSolution
		SolutionGuid = {883F95EF-EFA9-4C2D-B015-06934BF62B9E}
	EndGlobalSection
EndGlobal
